
Microsoft Visual Studio Solution File, Format Version 12.00
# Visual Studio 16
Project("{FAE04EC0-301F-11D3-BF4B-00C04F79EFBC}") = "Assembly-CSharp", "Assembly-CSharp.csproj", "{9031E940-8155-4EE8-5389-410E089C13EC}"
EndProject
Project("{FAE04EC0-301F-11D3-BF4B-00C04F79EFBC}") = "PathCreator", "PathCreator.csproj", "{F2C435F6-01FC-5519-2330-EA63EB13FBD7}"
EndProject
Project("{FAE04EC0-301F-11D3-BF4B-00C04F79EFBC}") = "PathCreatorEditor", "PathCreatorEditor.csproj", "{FA005BBA-A30A-81C5-E831-A694FB60E644}"
EndProject
Project("{FAE04EC0-301F-11D3-BF4B-00C04F79EFBC}") = "Assembly-CSharp-Editor", "Assembly-CSharp-Editor.csproj", "{BBA45735-C9B8-7301-3373-22ED7AE98BFF}"
EndProject
Global
	GlobalSection(SolutionConfigurationPlatforms) = preSolution
		Debug|Any CPU = Debug|Any CPU
		Release|Any CPU = Release|Any CPU
	EndGlobalSection
	GlobalSection(ProjectConfigurationPlatforms) = postSolution
		{9031E940-8155-4EE8-5389-410E089C13EC}.Debug|Any CPU.ActiveCfg = Debug|Any CPU
		{9031E940-8155-4EE8-5389-410E089C13EC}.Debug|Any CPU.Build.0 = Debug|Any CPU
		{9031E940-8155-4EE8-5389-410E089C13EC}.Release|Any CPU.ActiveCfg = Release|Any CPU
		{9031E940-8155-4EE8-5389-410E089C13EC}.Release|Any CPU.Build.0 = Release|Any CPU
		{F2C435F6-01FC-5519-2330-EA63EB13FBD7}.Debug|Any CPU.ActiveCfg = Debug|Any CPU
		{F2C435F6-01FC-5519-2330-EA63EB13FBD7}.Debug|Any CPU.Build.0 = Debug|Any CPU
		{F2C435F6-01FC-5519-2330-EA63EB13FBD7}.Release|Any CPU.ActiveCfg = Release|Any CPU
		{F2C435F6-01FC-5519-2330-EA63EB13FBD7}.Release|Any CPU.Build.0 = Release|Any CPU
		{FA005BBA-A30A-81C5-E831-A694FB60E644}.Debug|Any CPU.ActiveCfg = Debug|Any CPU
		{FA005BBA-A30A-81C5-E831-A694FB60E644}.Debug|Any CPU.Build.0 = Debug|Any CPU
		{FA005BBA-A30A-81C5-E831-A694FB60E644}.Release|Any CPU.ActiveCfg = Release|Any CPU
		{FA005BBA-A30A-81C5-E831-A694FB60E644}.Release|Any CPU.Build.0 = Release|Any CPU
		{BBA45735-C9B8-7301-3373-22ED7AE98BFF}.Debug|Any CPU.ActiveCfg = Debug|Any CPU
		{BBA45735-C9B8-7301-3373-22ED7AE98BFF}.Debug|Any CPU.Build.0 = Debug|Any CPU
		{BBA45735-C9B8-7301-3373-22ED7AE98BFF}.Release|Any CPU.ActiveCfg = Release|Any CPU
		{BBA45735-C9B8-7301-3373-22ED7AE98BFF}.Release|Any CPU.Build.0 = Release|Any CPU
	EndGlobalSection
	GlobalSection(SolutionProperties) = preSolution
		HideSolutionNode = FALSE
	EndGlobalSection
EndGlobal
